PODS:
  - Flutter (1.0.0)
  - flutter_texture_image (0.0.1):
    - Flutter

DEPENDENCIES:
  - Flutter (from `Flutter`)
  - flutter_texture_image (from `.symlinks/plugins/flutter_texture_image/ios`)

EXTERNAL SOURCES:
  Flutter:
    :path: Flutter
  flutter_texture_image:
    :path: ".symlinks/plugins/flutter_texture_image/ios"

SPEC CHECKSUMS:
  Flutter: 434fef37c0980e73bb6479ef766c45957d4b510c
  flutter_texture_image: 11639ee60613adb51d1108214670e146295a9ea2

PODFILE CHECKSUM: aafe91acc616949ddb318b77800a7f51bffa2a4c

COCOAPODS: 1.10.0
